// !$*UTF8*$!
{
	archiveVersion = 1;
	classes = {
	};
	objectVersion = 46;
	objects = {

/* Begin PBXBuildFile section */
		FBBF94F21ED0794600FDE764 /* AppDelegate.swift in Sources */ = {isa = PBXBuildFile; fileRef = FBBF94F11ED0794600FDE764 /* AppDelegate.swift */; };
		FBBF94F41ED0794600FDE764 /* ViewController.swift in Sources */ = {isa = PBXBuildFile; fileRef = FBBF94F31ED0794600FDE764 /* ViewController.swift */; };
		FBBF94F71ED0794600FDE764 /* Main.storyboard in Resources */ = {isa = PBXBuildFile; fileRef = FBBF94F51ED0794600FDE764 /* Main.storyboard */; };
		FBBF94F91ED0794600FDE764 /* Assets.xcassets in Resources */ = {isa = PBXBuildFile; fileRef = FBBF94F81ED0794600FDE764 /* Assets.xcassets */; };
		FBBF94FC1ED0794600FDE764 /* LaunchScreen.storyboard in Resources */ = {isa = PBXBuildFile; fileRef = FBBF94FA1ED0794600FDE764 /* LaunchScreen.storyboard */; };
/* End PBXBuildFile section */

/* Begin PBXFileReference section */
		FBBF94EE1ED0794600FDE764 /* Swiperia.app */ = {isa = PBXFileReference; explicitFileType = wrapper.application; includeInIndex = 0; path = Swiperia.app; sourceTree = BUILT_PRODUCTS_DIR; };
		FBBF94F11ED0794600FDE764 /* AppDelegate.swift */ = {isa = PBXFileReference; lastKnownFileType = sourcecode.swift; path = AppDelegate.swift; sourceTree = "<group>"; };
		FBBF94F31ED0794600FDE764 /* ViewController.swift */ = {isa = PBXFileReference; lastKnownFileType = sourcecode.swift; path = ViewController.swift; sourceTree = "<group>"; };
		FBBF94F61ED0794600FDE764 /* Base */ = {isa = PBXFileReference; lastKnownFileType = file.storyboard; name = Base; path = Base.lproj/Main.storyboard; sourceTree = "<group>"; };
		FBBF94F81ED0794600FDE764 /* Assets.xcassets */ = {isa = PBXFileReference; lastKnownFileType = folder.assetcatalog; path = Assets.xcassets; sourceTree = "<group>"; };
		FBBF94FB1ED0794600FDE764 /* Base */ = {isa = PBXFileReference; lastKnownFileType = file.storyboard; name = Base; path = Base.lproj/LaunchScreen.storyboard; sourceTree = "<group>"; };
		FBBF94FD1ED0794600FDE764 /* Info.plist */ = {isa = PBXFileReference; lastKnownFileType = text.plist.xml; path = Info.plist; sourceTree = "<group>"; };
/* End PBXFileReference section */

/* Begin PBXFrameworksBuildPhase section */
		FBBF94EB1ED0794600FDE764 /* Frameworks */ = {
			isa = PBXFrameworksBuildPhase;
			buildActionMask = 2147483647;
			files = (
			);
			runOnlyForDeploymentPostprocessing = 0;
		};
/* End PBXFrameworksBuildPhase section */

/* Begin PBXGroup section */
		FBBF94E51ED0794600FDE764 = {
			isa = PBXGroup;
			children = (
				FBBF94F01ED0794600FDE764 /* Swiperia */,
				FBBF94EF1ED0794600FDE764 /* Products */,
			);
			sourceTree = "<group>";
		};
		FBBF94EF1ED0794600FDE764 /* Products */ = {
			isa = PBXGroup;
			children = (
				FBBF94EE1ED0794600FDE764 /* Swiperia.app */,
			);
			name = Products;
			sourceTree = "<group>";
		};
		FBBF94F01ED0794600FDE764 /* Swiperia */ = {
			isa = PBXGroup;
			children = (
				FBBF94F11ED0794600FDE764 /* AppDelegate.swift */,
				FBBF94F31ED0794600FDE764 /* ViewController.swift */,
				FBBF94F51ED0794600FDE764 /* Main.storyboard */,
				FBBF95031ED07A7300FDE764 /* helper */,
			);
			path = Swiperia;
			sourceTree = "<group>";
		};
		FBBF95031ED07A7300FDE764 /* helper */ = {
			isa = PBXGroup;
			children = (
				FBBF94F81ED0794600FDE764 /* Assets.xcassets */,
				FBBF94FA1ED0794600FDE764 /* LaunchScreen.storyboard */,
				FBBF94FD1ED0794600FDE764 /* Info.plist */,
			);
			name = helper;
			sourceTree = "<group>";
		};
/* End PBXGroup section */

/* Begin PBXNativeTarget section */
		FBBF94ED1ED0794600FDE764 /* Swiperia */ = {
			isa = PBXNativeTarget;
			buildConfigurationList = FBBF95001ED0794600FDE764 /* Build configuration list for PBXNativeTarget "Swiperia" */;
			buildPhases = (
				FBBF94EA1ED0794600FDE764 /* Sources */,
				FBBF94EB1ED0794600FDE764 /* Frameworks */,
				FBBF94EC1ED0794600FDE764 /* Resources */,
			);
			buildRules = (
			);
			dependencies = (
			);
			name = Swiperia;
			productName = Swiperia;
			productReference = FBBF94EE1ED0794600FDE764 /* Swiperia.app */;
			productType = "com.apple.product-type.application";
		};
/* End PBXNativeTarget section */

/* Begin PBXProject section */
		FBBF94E61ED0794600FDE764 /* Project object */ = {
			isa = PBXProject;
			attributes = {
				LastSwiftUpdateCheck = 0830;
				LastUpgradeCheck = 0830;
				ORGANIZATIONNAME = "Dennis Dubbert";
				TargetAttributes = {
					FBBF94ED1ED0794600FDE764 = {
						CreatedOnToolsVersion = 8.3.2;
						DevelopmentTeam = JQY7EZ27YQ;
						ProvisioningStyle = Automatic;
					};
				};
			};
			buildConfigurationList = FBBF94E91ED0794600FDE764 /* Build configuration list for PBXProject "Swiperia" */;
			compatibilityVersion = "Xcode 3.2";
			developmentRegion = English;
			hasScannedForEncodings = 0;
			knownRegions = (
				en,
				Base,
			);
			mainGroup = FBBF94E51ED0794600FDE764;
			productRefGroup = FBBF94EF1ED0794600FDE764 /* Products */;
			projectDirPath = "";
			projectRoot = "";
			targets = (
				FBBF94ED1ED0794600FDE764 /* Swiperia */,
			);
		};
/* End PBXProject section */

/* Begin PBXResourcesBuildPhase section */
		FBBF94EC1ED0794600FDE764 /* Resources */ = {
			isa = PBXResourcesBuildPhase;
			buildActionMask = 2147483647;
			files = (
				FBBF94FC1ED0794600FDE764 /* LaunchScreen.storyboard in Resources */,
				FBBF94F91ED0794600FDE764 /* Assets.xcassets in Resources */,
				FBBF94F71ED0794600FDE764 /* Main.storyboard in Resources */,
			);
			runOnlyForDeploymentPostprocessing = 0;
		};
/* End PBXResourcesBuildPhase section */

/* Begin PBXSourcesBuildPhase section */
		FBBF94EA1ED0794600FDE764 /* Sources */ = {
			isa = PBXSourcesBuildPhase;
			buildActionMask = 2147483647;
			files = (
				FBBF94F41ED0794600FDE764 /* ViewController.swift in Sources */,
				FBBF94F21ED0794600FDE764 /* AppDelegate.swift in Sources */,
			);
			runOnlyForDeploymentPostprocessing = 0;
		};
/* End PBXSourcesBuildPhase section */

/* Begin PBXVariantGroup section */
		FBBF94F51ED0794600FDE764 /* Main.storyboard */ = {
			isa = PBXVariantGroup;
			children = (
				FBBF94F61ED0794600FDE764 /* Base */,
			);
			name = Main.storyboard;
			sourceTree = "<group>";
		};
		FBBF94FA1ED0794600FDE764 /* LaunchScreen.storyboard */ = {
			isa = PBXVariantGroup;
			children = (
				FBBF94FB1ED0794600FDE764 /* Base */,
			);
			name = LaunchScreen.storyboard;
			sourceTree = "<group>";
		};
/* End PBXVariantGroup section */

/* Begin XCBuildConfiguration section */
		FBBF94FE1ED0794600FDE764 /* Debug */ = {
			isa = XCBuildConfiguration;
			buildSettings = {
				ALWAYS_SEARCH_USER_PATHS = NO;
				CLANG_ANALYZER_NONNULL = YES;
				CLANG_ANALYZER_NUMBER_OBJECT_CONVERSION = YES_AGGRESSIVE;
				CLANG_CXX_LANGUAGE_STANDARD = "gnu++0x";
				CLANG_CXX_LIBRARY = "libc++";
				CLANG_ENABLE_MODULES = YES;
				CLANG_ENABLE_OBJC_ARC = YES;
				CLANG_WARN_BOOL_CONVERSION = YES;
				CLANG_WARN_CONSTANT_CONVERSION = YES;
				CLANG_WARN_DIRECT_OBJC_ISA_USAGE = YES_ERROR;
				CLANG_WARN_DOCUMENTATION_COMMENTS = YES;
				CLANG_WARN_EMPTY_BODY = YES;
				CLANG_WARN_ENUM_CONVERSION = YES;
				CLANG_WARN_INFINITE_RECURSION = YES;
				CLANG_WARN_INT_CONVERSION = YES;
				CLANG_WARN_OBJC_ROOT_CLASS = YES_ERROR;
				CLANG_WARN_SUSPICIOUS_MOVE = YES;
				CLANG_WARN_UNREACHABLE_CODE = YES;
				CLANG_WARN__DUPLICATE_METHOD_MATCH = YES;
				"CODE_SIGN_IDENTITY[sdk=iphoneos*]" = "iPhone Developer";
				COPY_PHASE_STRIP = NO;
				DEBUG_INFORMATION_FORMAT = dwarf;
				ENABLE_STRICT_OBJC_MSGSEND = YES;
				ENABLE_TESTABILITY = YES;
				GCC_C_LANGUAGE_STANDARD = gnu99;
				GCC_DYNAMIC_NO_PIC = NO;
				GCC_NO_COMMON_BLOCKS = YES;
				GCC_OPTIMIZATION_LEVEL = 0;
				GCC_PREPROCESSOR_DEFINITIONS = (
					"DEBUG=1",
					"$(inherited)",
				);
				GCC_WARN_64_TO_32_BIT_CONVERSION = YES;
				GCC_WARN_ABOUT_RETURN_TYPE = YES_ERROR;
				GCC_WARN_UNDECLARED_SELECTOR = YES;
				GCC_WARN_UNINITIALIZED_AUTOS = YES_AGGRESSIVE;
				GCC_WARN_UNUSED_FUNCTION = YES;
				GCC_WARN_UNUSED_VARIABLE = YES;
				IPHONEOS_DEPLOYMENT_TARGET = 10.3;
				MTL_ENABLE_DEBUG_INFO = YES;
				ONLY_ACTIVE_ARCH = YES;
				SDKROOT = iphoneos;
				SWIFT_ACTIVE_COMPILATION_CONDITIONS = DEBUG;
				SWIFT_OPTIMIZATION_LEVEL = "-Onone";
				TARGETED_DEVICE_FAMILY = "1,2";
			};
			name = Debug;
		};
		FBBF94FF1ED0794600FDE764 /* Release */ = {
			isa = XCBuildConfiguration;
			buildSettings = {
				ALWAYS_SEARCH_USER_PATHS = NO;
				CLANG_ANALYZER_NONNULL = YES;
				CLANG_ANALYZER_NUMBER_OBJECT_CONVERSION = YES_AGGRESSIVE;
				CLANG_CXX_LANGUAGE_STANDARD = "gnu++0x";
				CLANG_CXX_LIBRARY = "libc++";
				CLANG_ENABLE_MODULES = YES;
				CLANG_ENABLE_OBJC_ARC = YES;
				CLANG_WARN_BOOL_CONVERSION = YES;
				CLANG_WARN_CONSTANT_CONVERSION = YES;
				CLANG_WARN_DIRECT_OBJC_ISA_USAGE = YES_ERROR;
				CLANG_WARN_DOCUMENTATION_COMMENTS = YES;
				CLANG_WARN_EMPTY_BODY = YES;
				CLANG_WARN_ENUM_CONVERSION = YES;
				CLANG_WARN_INFINITE_RECURSION = YES;
				CLANG_WARN_INT_CONVERSION = YES;
				CLANG_WARN_OBJC_ROOT_CLASS = YES_ERROR;
				CLANG_WARN_SUSPICIOUS_MOVE = YES;
				CLANG_WARN_UNREACHABLE_CODE = YES;
				CLANG_WARN__DUPLICATE_METHOD_MATCH = YES;
				"CODE_SIGN_IDENTITY[sdk=iphoneos*]" = "iPhone Developer";
				COPY_PHASE_STRIP = NO;
				DEBUG_INFORMATION_FORMAT = "dwarf-with-dsym";
				ENABLE_NS_ASSERTIONS = NO;
				ENABLE_STRICT_OBJC_MSGSEND = YES;
				GCC_C_LANGUAGE_STANDARD = gnu99;
				GCC_NO_COMMON_BLOCKS = YES;
				GCC_WARN_64_TO_32_BIT_CONVERSION = YES;
				GCC_WARN_ABOUT_RETURN_TYPE = YES_ERROR;
				GCC_WARN_UNDECLARED_SELECTOR = YES;
				GCC_WARN_UNINITIALIZED_AUTOS = YES_AGGRESSIVE;
				GCC_WARN_UNUSED_FUNCTION = YES;
				GCC_WARN_UNUSED_VARIABLE = YES;
				IPHONEOS_DEPLOYMENT_TARGET = 10.3;
				MTL_ENABLE_DEBUG_INFO = NO;
				SDKROOT = iphoneos;
				SWIFT_OPTIMIZATION_LEVEL = "-Owholemodule";
				TARGETED_DEVICE_FAMILY = "1,2";
				VALIDATE_PRODUCT = YES;
			};
			name = Release;
		};
		FBBF95011ED0794600FDE764 /* Debug */ = {
			isa = XCBuildConfiguration;
			buildSettings = {
				ASSETCATALOG_COMPILER_APPICON_NAME = AppIcon;
				DEVELOPMENT_TEAM = JQY7EZ27YQ;
				INFOPLIST_FILE = Swiperia/Info.plist;
				LD_RUNPATH_SEARCH_PATHS = "$(inherited) @executable_path/Frameworks";
				PRODUCT_BUNDLE_IDENTIFIER = "DDUBBERT-EGELLERT.Swiperia";
				PRODUCT_NAME = "$(TARGET_NAME)";
				SWIFT_VERSION = 3.0;
			};
			name = Debug;
		};
		FBBF95021ED0794600FDE764 /* Release */ = {
			isa = XCBuildConfiguration;
			buildSettings = {
				ASSETCATALOG_COMPILER_APPICON_NAME = AppIcon;
				DEVELOPMENT_TEAM = JQY7EZ27YQ;
				INFOPLIST_FILE = Swiperia/Info.plist;
				LD_RUNPATH_SEARCH_PATHS = "$(inherited) @executable_path/Frameworks";
				PRODUCT_BUNDLE_IDENTIFIER = "DDUBBERT-EGELLERT.Swiperia";
				PRODUCT_NAME = "$(TARGET_NAME)";
				SWIFT_VERSION = 3.0;
			};
			name = Release;
		};
/* End XCBuildConfiguration section */

/* Begin XCConfigurationList section */
		FBBF94E91ED0794600FDE764 /* Build configuration list for PBXProject "Swiperia" */ = {
			isa = XCConfigurationList;
			buildConfigurations = (
				FBBF94FE1ED0794600FDE764 /* Debug */,
				FBBF94FF1ED0794600FDE764 /* Release */,
			);
			defaultConfigurationIsVisible = 0;
			defaultConfigurationName = Release;
		};
		FBBF95001ED0794600FDE764 /* Build configuration list for PBXNativeTarget "Swiperia" */ = {
			isa = XCConfigurationList;
			buildConfigurations = (
				FBBF95011ED0794600FDE764 /* Debug */,
				FBBF95021ED0794600FDE764 /* Release */,
			);
			defaultConfigurationIsVisible = 0;
		};
/* End XCConfigurationList section */
	};
	rootObject = FBBF94E61ED0794600FDE764 /* Project object */;
}
