// !$*UTF8*$!
{
	archiveVersion = 1;
	classes = {
	};
	objectVersion = 46;
	objects = {

/* Begin PBXBuildFile section */
		6D1ED2521EF57BFC00EDA53B /* GameViewController.swift in Sources */ = {isa = PBXBuildFile; fileRef = 6D1ED2511EF57BFC00EDA53B /* GameViewController.swift */; };
		6D94C7A21F3B29C400255B3F /* GameScoreManager.swift in Sources */ = {isa = PBXBuildFile; fileRef = 6D94C7A11F3B29C400255B3F /* GameScoreManager.swift */; };
		6D9E5E651F44735F006C1B81 /* ItemPanel.swift in Sources */ = {isa = PBXBuildFile; fileRef = 6D9E5E641F44735F006C1B81 /* ItemPanel.swift */; };
		6DD2A18F1F41D3A800D883FB /* ProgressCircle.swift in Sources */ = {isa = PBXBuildFile; fileRef = 6DD2A18E1F41D3A800D883FB /* ProgressCircle.swift */; };
		FBB9D5BB1EEC0AE80094A9FD /* AppDelegate.swift in Sources */ = {isa = PBXBuildFile; fileRef = FBB9D5BA1EEC0AE80094A9FD /* AppDelegate.swift */; };
		FBB9D5BD1EEC0AE80094A9FD /* ViewController.swift in Sources */ = {isa = PBXBuildFile; fileRef = FBB9D5BC1EEC0AE80094A9FD /* ViewController.swift */; };
		FBB9D5C01EEC0AE80094A9FD /* Main.storyboard in Resources */ = {isa = PBXBuildFile; fileRef = FBB9D5BE1EEC0AE80094A9FD /* Main.storyboard */; };
		FBB9D5C21EEC0AE80094A9FD /* Assets.xcassets in Resources */ = {isa = PBXBuildFile; fileRef = FBB9D5C11EEC0AE80094A9FD /* Assets.xcassets */; };
		FBB9D5C51EEC0AE80094A9FD /* LaunchScreen.storyboard in Resources */ = {isa = PBXBuildFile; fileRef = FBB9D5C31EEC0AE80094A9FD /* LaunchScreen.storyboard */; };
		FBB9D5CF1EEC0C3C0094A9FD /* TimeManager.swift in Sources */ = {isa = PBXBuildFile; fileRef = FBB9D5CE1EEC0C3C0094A9FD /* TimeManager.swift */; };
		FBB9D5D11EEC0C6D0094A9FD /* DirectionManager.swift in Sources */ = {isa = PBXBuildFile; fileRef = FBB9D5D01EEC0C6D0094A9FD /* DirectionManager.swift */; };
		FBB9D5D31EEC0C890094A9FD /* ItemManager.swift in Sources */ = {isa = PBXBuildFile; fileRef = FBB9D5D21EEC0C890094A9FD /* ItemManager.swift */; };
/* End PBXBuildFile section */

/* Begin PBXFileReference section */
		6D1ED2511EF57BFC00EDA53B /* GameViewController.swift */ = {isa = PBXFileReference; fileEncoding = 4; lastKnownFileType = sourcecode.swift; path = GameViewController.swift; sourceTree = "<group>"; };
		6D94C7A11F3B29C400255B3F /* GameScoreManager.swift */ = {isa = PBXFileReference; fileEncoding = 4; lastKnownFileType = sourcecode.swift; path = GameScoreManager.swift; sourceTree = "<group>"; };
		6D9E5E641F44735F006C1B81 /* ItemPanel.swift */ = {isa = PBXFileReference; fileEncoding = 4; lastKnownFileType = sourcecode.swift; path = ItemPanel.swift; sourceTree = "<group>"; };
		6DD2A18E1F41D3A800D883FB /* ProgressCircle.swift */ = {isa = PBXFileReference; fileEncoding = 4; lastKnownFileType = sourcecode.swift; path = ProgressCircle.swift; sourceTree = "<group>"; };
		FBB9D5B71EEC0AE80094A9FD /* Swiperia.app */ = {isa = PBXFileReference; explicitFileType = wrapper.application; includeInIndex = 0; path = Swiperia.app; sourceTree = BUILT_PRODUCTS_DIR; };
		FBB9D5BA1EEC0AE80094A9FD /* AppDelegate.swift */ = {isa = PBXFileReference; lastKnownFileType = sourcecode.swift; path = AppDelegate.swift; sourceTree = "<group>"; };
		FBB9D5BC1EEC0AE80094A9FD /* ViewController.swift */ = {isa = PBXFileReference; lastKnownFileType = sourcecode.swift; path = ViewController.swift; sourceTree = "<group>"; };
		FBB9D5BF1EEC0AE80094A9FD /* Base */ = {isa = PBXFileReference; lastKnownFileType = file.storyboard; name = Base; path = Base.lproj/Main.storyboard; sourceTree = "<group>"; };
		FBB9D5C11EEC0AE80094A9FD /* Assets.xcassets */ = {isa = PBXFileReference; lastKnownFileType = folder.assetcatalog; path = Assets.xcassets; sourceTree = "<group>"; };
		FBB9D5C41EEC0AE80094A9FD /* Base */ = {isa = PBXFileReference; lastKnownFileType = file.storyboard; name = Base; path = Base.lproj/LaunchScreen.storyboard; sourceTree = "<group>"; };
		FBB9D5C61EEC0AE80094A9FD /* Info.plist */ = {isa = PBXFileReference; lastKnownFileType = text.plist.xml; path = Info.plist; sourceTree = "<group>"; };
		FBB9D5CE1EEC0C3C0094A9FD /* TimeManager.swift */ = {isa = PBXFileReference; fileEncoding = 4; lastKnownFileType = sourcecode.swift; path = TimeManager.swift; sourceTree = "<group>"; };
		FBB9D5D01EEC0C6D0094A9FD /* DirectionManager.swift */ = {isa = PBXFileReference; fileEncoding = 4; lastKnownFileType = sourcecode.swift; path = DirectionManager.swift; sourceTree = "<group>"; };
		FBB9D5D21EEC0C890094A9FD /* ItemManager.swift */ = {isa = PBXFileReference; fileEncoding = 4; lastKnownFileType = sourcecode.swift; path = ItemManager.swift; sourceTree = "<group>"; };
/* End PBXFileReference section */

/* Begin PBXFrameworksBuildPhase section */
		FBB9D5B41EEC0AE80094A9FD /* Frameworks */ = {
			isa = PBXFrameworksBuildPhase;
			buildActionMask = 2147483647;
			files = (
			);
			runOnlyForDeploymentPostprocessing = 0;
		};
/* End PBXFrameworksBuildPhase section */

/* Begin PBXGroup section */
		6D1ED2501EF57BBF00EDA53B /* controller */ = {
			isa = PBXGroup;
			children = (
				6D1ED2511EF57BFC00EDA53B /* GameViewController.swift */,
			);
			name = controller;
			sourceTree = "<group>";
		};
		FBB9D5AE1EEC0AE80094A9FD = {
			isa = PBXGroup;
			children = (
				FBB9D5B91EEC0AE80094A9FD /* Swiperia */,
				FBB9D5B81EEC0AE80094A9FD /* Products */,
			);
			sourceTree = "<group>";
		};
		FBB9D5B81EEC0AE80094A9FD /* Products */ = {
			isa = PBXGroup;
			children = (
				FBB9D5B71EEC0AE80094A9FD /* Swiperia.app */,
			);
			name = Products;
			sourceTree = "<group>";
		};
		FBB9D5B91EEC0AE80094A9FD /* Swiperia */ = {
			isa = PBXGroup;
			children = (
				FBB9D5CD1EEC0C090094A9FD /* models */,
				FBB9D5BA1EEC0AE80094A9FD /* AppDelegate.swift */,
				FBB9D5BC1EEC0AE80094A9FD /* ViewController.swift */,
				6D1ED2501EF57BBF00EDA53B /* controller */,
				FBB9D5BE1EEC0AE80094A9FD /* Main.storyboard */,
				FBB9D5CC1EEC0BFC0094A9FD /* helper */,
			);
			path = Swiperia;
			sourceTree = "<group>";
		};
		FBB9D5CC1EEC0BFC0094A9FD /* helper */ = {
			isa = PBXGroup;
			children = (
				FBB9D5C11EEC0AE80094A9FD /* Assets.xcassets */,
				FBB9D5C31EEC0AE80094A9FD /* LaunchScreen.storyboard */,
				FBB9D5C61EEC0AE80094A9FD /* Info.plist */,
			);
			name = helper;
			sourceTree = "<group>";
		};
		FBB9D5CD1EEC0C090094A9FD /* models */ = {
			isa = PBXGroup;
			children = (
				FBB9D5CE1EEC0C3C0094A9FD /* TimeManager.swift */,
				FBB9D5D01EEC0C6D0094A9FD /* DirectionManager.swift */,
				FBB9D5D21EEC0C890094A9FD /* ItemManager.swift */,
				6D94C7A11F3B29C400255B3F /* GameScoreManager.swift */,
				6DD2A18E1F41D3A800D883FB /* ProgressCircle.swift */,
				6D9E5E641F44735F006C1B81 /* ItemPanel.swift */,
			);
			name = models;
			sourceTree = "<group>";
		};
/* End PBXGroup section */

/* Begin PBXNativeTarget section */
		FBB9D5B61EEC0AE80094A9FD /* Swiperia */ = {
			isa = PBXNativeTarget;
			buildConfigurationList = FBB9D5C91EEC0AE80094A9FD /* Build configuration list for PBXNativeTarget "Swiperia" */;
			buildPhases = (
				FBB9D5B31EEC0AE80094A9FD /* Sources */,
				FBB9D5B41EEC0AE80094A9FD /* Frameworks */,
				FBB9D5B51EEC0AE80094A9FD /* Resources */,
			);
			buildRules = (
			);
			dependencies = (
			);
			name = Swiperia;
			productName = Swiperia;
			productReference = FBB9D5B71EEC0AE80094A9FD /* Swiperia.app */;
			productType = "com.apple.product-type.application";
		};
/* End PBXNativeTarget section */

/* Begin PBXProject section */
		FBB9D5AF1EEC0AE80094A9FD /* Project object */ = {
			isa = PBXProject;
			attributes = {
				LastSwiftUpdateCheck = 0830;
				LastUpgradeCheck = 0830;
				ORGANIZATIONNAME = "Dedy Gubbert";
				TargetAttributes = {
					FBB9D5B61EEC0AE80094A9FD = {
						CreatedOnToolsVersion = 8.3.2;
						DevelopmentTeam = Z8537KSETR;
						ProvisioningStyle = Automatic;
					};
				};
			};
			buildConfigurationList = FBB9D5B21EEC0AE80094A9FD /* Build configuration list for PBXProject "Swiperia" */;
			compatibilityVersion = "Xcode 3.2";
			developmentRegion = English;
			hasScannedForEncodings = 0;
			knownRegions = (
				en,
				Base,
			);
			mainGroup = FBB9D5AE1EEC0AE80094A9FD;
			productRefGroup = FBB9D5B81EEC0AE80094A9FD /* Products */;
			projectDirPath = "";
			projectRoot = "";
			targets = (
				FBB9D5B61EEC0AE80094A9FD /* Swiperia */,
			);
		};
/* End PBXProject section */

/* Begin PBXResourcesBuildPhase section */
		FBB9D5B51EEC0AE80094A9FD /* Resources */ = {
			isa = PBXResourcesBuildPhase;
			buildActionMask = 2147483647;
			files = (
				FBB9D5C51EEC0AE80094A9FD /* LaunchScreen.storyboard in Resources */,
				FBB9D5C21EEC0AE80094A9FD /* Assets.xcassets in Resources */,
				FBB9D5C01EEC0AE80094A9FD /* Main.storyboard in Resources */,
			);
			runOnlyForDeploymentPostprocessing = 0;
		};
/* End PBXResourcesBuildPhase section */

/* Begin PBXSourcesBuildPhase section */
		FBB9D5B31EEC0AE80094A9FD /* Sources */ = {
			isa = PBXSourcesBuildPhase;
			buildActionMask = 2147483647;
			files = (
				FBB9D5BD1EEC0AE80094A9FD /* ViewController.swift in Sources */,
				FBB9D5D31EEC0C890094A9FD /* ItemManager.swift in Sources */,
				FBB9D5BB1EEC0AE80094A9FD /* AppDelegate.swift in Sources */,
				6D94C7A21F3B29C400255B3F /* GameScoreManager.swift in Sources */,
				FBB9D5CF1EEC0C3C0094A9FD /* TimeManager.swift in Sources */,
				6D1ED2521EF57BFC00EDA53B /* GameViewController.swift in Sources */,
				6DD2A18F1F41D3A800D883FB /* ProgressCircle.swift in Sources */,
				FBB9D5D11EEC0C6D0094A9FD /* DirectionManager.swift in Sources */,
				6D9E5E651F44735F006C1B81 /* ItemPanel.swift in Sources */,
			);
			runOnlyForDeploymentPostprocessing = 0;
		};
/* End PBXSourcesBuildPhase section */

/* Begin PBXVariantGroup section */
		FBB9D5BE1EEC0AE80094A9FD /* Main.storyboard */ = {
			isa = PBXVariantGroup;
			children = (
				FBB9D5BF1EEC0AE80094A9FD /* Base */,
			);
			name = Main.storyboard;
			sourceTree = "<group>";
		};
		FBB9D5C31EEC0AE80094A9FD /* LaunchScreen.storyboard */ = {
			isa = PBXVariantGroup;
			children = (
				FBB9D5C41EEC0AE80094A9FD /* Base */,
			);
			name = LaunchScreen.storyboard;
			sourceTree = "<group>";
		};
/* End PBXVariantGroup section */

/* Begin XCBuildConfiguration section */
		FBB9D5C71EEC0AE80094A9FD /* Debug */ = {
			isa = XCBuildConfiguration;
			buildSettings = {
				ALWAYS_SEARCH_USER_PATHS = NO;
				CLANG_ANALYZER_NONNULL = YES;
				CLANG_ANALYZER_NUMBER_OBJECT_CONVERSION = YES_AGGRESSIVE;
				CLANG_CXX_LANGUAGE_STANDARD = "gnu++0x";
				CLANG_CXX_LIBRARY = "libc++";
				CLANG_ENABLE_MODULES = YES;
				CLANG_ENABLE_OBJC_ARC = YES;
				CLANG_WARN_BOOL_CONVERSION = YES;
				CLANG_WARN_CONSTANT_CONVERSION = YES;
				CLANG_WARN_DIRECT_OBJC_ISA_USAGE = YES_ERROR;
				CLANG_WARN_DOCUMENTATION_COMMENTS = YES;
				CLANG_WARN_EMPTY_BODY = YES;
				CLANG_WARN_ENUM_CONVERSION = YES;
				CLANG_WARN_INFINITE_RECURSION = YES;
				CLANG_WARN_INT_CONVERSION = YES;
				CLANG_WARN_OBJC_ROOT_CLASS = YES_ERROR;
				CLANG_WARN_SUSPICIOUS_MOVE = YES;
				CLANG_WARN_UNREACHABLE_CODE = YES;
				CLANG_WARN__DUPLICATE_METHOD_MATCH = YES;
				"CODE_SIGN_IDENTITY[sdk=iphoneos*]" = "iPhone Developer";
				COPY_PHASE_STRIP = NO;
				DEBUG_INFORMATION_FORMAT = dwarf;
				ENABLE_STRICT_OBJC_MSGSEND = YES;
				ENABLE_TESTABILITY = YES;
				GCC_C_LANGUAGE_STANDARD = gnu99;
				GCC_DYNAMIC_NO_PIC = NO;
				GCC_NO_COMMON_BLOCKS = YES;
				GCC_OPTIMIZATION_LEVEL = 0;
				GCC_PREPROCESSOR_DEFINITIONS = (
					"DEBUG=1",
					"$(inherited)",
				);
				GCC_WARN_64_TO_32_BIT_CONVERSION = YES;
				GCC_WARN_ABOUT_RETURN_TYPE = YES_ERROR;
				GCC_WARN_UNDECLARED_SELECTOR = YES;
				GCC_WARN_UNINITIALIZED_AUTOS = YES_AGGRESSIVE;
				GCC_WARN_UNUSED_FUNCTION = YES;
				GCC_WARN_UNUSED_VARIABLE = YES;
				IPHONEOS_DEPLOYMENT_TARGET = 10.3;
				MTL_ENABLE_DEBUG_INFO = YES;
				ONLY_ACTIVE_ARCH = YES;
				SDKROOT = iphoneos;
				SWIFT_ACTIVE_COMPILATION_CONDITIONS = DEBUG;
				SWIFT_OPTIMIZATION_LEVEL = "-Onone";
				TARGETED_DEVICE_FAMILY = "1,2";
			};
			name = Debug;
		};
		FBB9D5C81EEC0AE80094A9FD /* Release */ = {
			isa = XCBuildConfiguration;
			buildSettings = {
				ALWAYS_SEARCH_USER_PATHS = NO;
				CLANG_ANALYZER_NONNULL = YES;
				CLANG_ANALYZER_NUMBER_OBJECT_CONVERSION = YES_AGGRESSIVE;
				CLANG_CXX_LANGUAGE_STANDARD = "gnu++0x";
				CLANG_CXX_LIBRARY = "libc++";
				CLANG_ENABLE_MODULES = YES;
				CLANG_ENABLE_OBJC_ARC = YES;
				CLANG_WARN_BOOL_CONVERSION = YES;
				CLANG_WARN_CONSTANT_CONVERSION = YES;
				CLANG_WARN_DIRECT_OBJC_ISA_USAGE = YES_ERROR;
				CLANG_WARN_DOCUMENTATION_COMMENTS = YES;
				CLANG_WARN_EMPTY_BODY = YES;
				CLANG_WARN_ENUM_CONVERSION = YES;
				CLANG_WARN_INFINITE_RECURSION = YES;
				CLANG_WARN_INT_CONVERSION = YES;
				CLANG_WARN_OBJC_ROOT_CLASS = YES_ERROR;
				CLANG_WARN_SUSPICIOUS_MOVE = YES;
				CLANG_WARN_UNREACHABLE_CODE = YES;
				CLANG_WARN__DUPLICATE_METHOD_MATCH = YES;
				"CODE_SIGN_IDENTITY[sdk=iphoneos*]" = "iPhone Developer";
				COPY_PHASE_STRIP = NO;
				DEBUG_INFORMATION_FORMAT = "dwarf-with-dsym";
				ENABLE_NS_ASSERTIONS = NO;
				ENABLE_STRICT_OBJC_MSGSEND = YES;
				GCC_C_LANGUAGE_STANDARD = gnu99;
				GCC_NO_COMMON_BLOCKS = YES;
				GCC_WARN_64_TO_32_BIT_CONVERSION = YES;
				GCC_WARN_ABOUT_RETURN_TYPE = YES_ERROR;
				GCC_WARN_UNDECLARED_SELECTOR = YES;
				GCC_WARN_UNINITIALIZED_AUTOS = YES_AGGRESSIVE;
				GCC_WARN_UNUSED_FUNCTION = YES;
				GCC_WARN_UNUSED_VARIABLE = YES;
				IPHONEOS_DEPLOYMENT_TARGET = 10.3;
				MTL_ENABLE_DEBUG_INFO = NO;
				SDKROOT = iphoneos;
				SWIFT_OPTIMIZATION_LEVEL = "-Owholemodule";
				TARGETED_DEVICE_FAMILY = "1,2";
				VALIDATE_PRODUCT = YES;
			};
			name = Release;
		};
		FBB9D5CA1EEC0AE80094A9FD /* Debug */ = {
			isa = XCBuildConfiguration;
			buildSettings = {
				ASSETCATALOG_COMPILER_APPICON_NAME = AppIcon;
				DEVELOPMENT_TEAM = Z8537KSETR;
				INFOPLIST_FILE = Swiperia/Info.plist;
				LD_RUNPATH_SEARCH_PATHS = "$(inherited) @executable_path/Frameworks";
				PRODUCT_BUNDLE_IDENTIFIER = "DEDY-GUBBERT.Swiperia";
				PRODUCT_NAME = "$(TARGET_NAME)";
				SWIFT_VERSION = 3.0;
			};
			name = Debug;
		};
		FBB9D5CB1EEC0AE80094A9FD /* Release */ = {
			isa = XCBuildConfiguration;
			buildSettings = {
				ASSETCATALOG_COMPILER_APPICON_NAME = AppIcon;
				DEVELOPMENT_TEAM = Z8537KSETR;
				INFOPLIST_FILE = Swiperia/Info.plist;
				LD_RUNPATH_SEARCH_PATHS = "$(inherited) @executable_path/Frameworks";
				PRODUCT_BUNDLE_IDENTIFIER = "DEDY-GUBBERT.Swiperia";
				PRODUCT_NAME = "$(TARGET_NAME)";
				SWIFT_VERSION = 3.0;
			};
			name = Release;
		};
/* End XCBuildConfiguration section */

/* Begin XCConfigurationList section */
		FBB9D5B21EEC0AE80094A9FD /* Build configuration list for PBXProject "Swiperia" */ = {
			isa = XCConfigurationList;
			buildConfigurations = (
				FBB9D5C71EEC0AE80094A9FD /* Debug */,
				FBB9D5C81EEC0AE80094A9FD /* Release */,
			);
			defaultConfigurationIsVisible = 0;
			defaultConfigurationName = Release;
		};
		FBB9D5C91EEC0AE80094A9FD /* Build configuration list for PBXNativeTarget "Swiperia" */ = {
			isa = XCConfigurationList;
			buildConfigurations = (
				FBB9D5CA1EEC0AE80094A9FD /* Debug */,
				FBB9D5CB1EEC0AE80094A9FD /* Release */,
			);
			defaultConfigurationIsVisible = 0;
			defaultConfigurationName = Release;
		};
/* End XCConfigurationList section */
	};
	rootObject = FBB9D5AF1EEC0AE80094A9FD /* Project object */;
}
